
Microsoft Visual Studio Solution File, Format Version 12.00
# Visual Studio Version 17
VisualStudioVersion = 17.2.32526.322
MinimumVisualStudioVersion = 10.0.40219.1
Project("{FAE04EC0-301F-11D3-BF4B-00C04F79EFBC}") = "SNMAPI", "SNMAPI\SNMAPI.csproj", "{0EEDEA10-F510-4790-B431-EDD082CB681B}"
EndProject
Project("{FAE04EC0-301F-11D3-BF4B-00C04F79EFBC}") = "SNMAPI.Domain", "SNMAPI.Domain\SNMAPI.Domain.csproj", "{D7969D3D-A66C-456D-A020-A75AA32F4F60}"
EndProject
Project("{FAE04EC0-301F-11D3-BF4B-00C04F79EFBC}") = "SNMAPI.Infra", "SNMAPI.Infra\SNMAPI.Infra.csproj", "{9557F30F-D577-4187-BB8D-94A1DD126712}"
EndProject
Global
	GlobalSection(SolutionConfigurationPlatforms) = preSolution
		Debug|Any CPU = Debug|Any CPU
		Release|Any CPU = Release|Any CPU
	EndGlobalSection
	GlobalSection(ProjectConfigurationPlatforms) = postSolution
		{0EEDEA10-F510-4790-B431-EDD082CB681B}.Debug|Any CPU.ActiveCfg = Debug|Any CPU
		{0EEDEA10-F510-4790-B431-EDD082CB681B}.Debug|Any CPU.Build.0 = Debug|Any CPU
		{0EEDEA10-F510-4790-B431-EDD082CB681B}.Release|Any CPU.ActiveCfg = Release|Any CPU
		{0EEDEA10-F510-4790-B431-EDD082CB681B}.Release|Any CPU.Build.0 = Release|Any CPU
		{D7969D3D-A66C-456D-A020-A75AA32F4F60}.Debug|Any CPU.ActiveCfg = Debug|Any CPU
		{D7969D3D-A66C-456D-A020-A75AA32F4F60}.Debug|Any CPU.Build.0 = Debug|Any CPU
		{D7969D3D-A66C-456D-A020-A75AA32F4F60}.Release|Any CPU.ActiveCfg = Release|Any CPU
		{D7969D3D-A66C-456D-A020-A75AA32F4F60}.Release|Any CPU.Build.0 = Release|Any CPU
		{9557F30F-D577-4187-BB8D-94A1DD126712}.Debug|Any CPU.ActiveCfg = Debug|Any CPU
		{9557F30F-D577-4187-BB8D-94A1DD126712}.Debug|Any CPU.Build.0 = Debug|Any CPU
		{9557F30F-D577-4187-BB8D-94A1DD126712}.Release|Any CPU.ActiveCfg = Release|Any CPU
		{9557F30F-D577-4187-BB8D-94A1DD126712}.Release|Any CPU.Build.0 = Release|Any CPU
	EndGlobalSection
	GlobalSection(SolutionProperties) = preSolution
		HideSolutionNode = FALSE
	EndGlobalSection
	GlobalSection(ExtensibilityGlobals) = postSolution
		SolutionGuid = {C510D04D-5154-47F3-A1DA-7BC6CFF2891A}
	EndGlobalSection
EndGlobal
